
Microsoft Visual Studio Solution File, Format Version 12.00
# Visual Studio Version 17
VisualStudioVersion = 17.8.34309.116
MinimumVisualStudioVersion = 10.0.40219.1
Project("{FAE04EC0-301F-11D3-BF4B-00C04F79EFBC}") = "DogJoy", "DogJoy\DogJoy.csproj", "{31F3AC06-CF5F-4C2C-9987-8793B0D2C7B8}"
EndProject
Global
	GlobalSection(SolutionConfigurationPlatforms) = preSolution
		Debug|Any CPU = Debug|Any CPU
		Release|Any CPU = Release|Any CPU
	EndGlobalSection
	GlobalSection(ProjectConfigurationPlatforms) = postSolution
		{31F3AC06-CF5F-4C2C-9987-8793B0D2C7B8}.Debug|Any CPU.ActiveCfg = Debug|Any CPU
		{31F3AC06-CF5F-4C2C-9987-8793B0D2C7B8}.Debug|Any CPU.Build.0 = Debug|Any CPU
		{31F3AC06-CF5F-4C2C-9987-8793B0D2C7B8}.Release|Any CPU.ActiveCfg = Release|Any CPU
		{31F3AC06-CF5F-4C2C-9987-8793B0D2C7B8}.Release|Any CPU.Build.0 = Release|Any CPU
	EndGlobalSection
	GlobalSection(SolutionProperties) = preSolution
		HideSolutionNode = FALSE
	EndGlobalSection
	GlobalSection(ExtensibilityGlobals) = postSolution
		SolutionGuid = {E3E75C95-716E-43BC-9DF5-EF5E82AEC0E0}
	EndGlobalSection
EndGlobal
